[[package]]
name = "aiohttp"
version = "3.8.1"
description = "Async http client/server framework (asyncio)"
category = "main"
optional = false
python-versions = ">=3.6"

[package.dependencies]
aiosignal = ">=1.1.2"
async-timeout = ">=4.0.0a3,<5.0"
asynctest = {version = "0.13.0", markers = "python_version < \"3.8\""}
attrs = ">=17.3.0"
charset-normalizer = ">=2.0,<3.0"
frozenlist = ">=1.1.1"
multidict = ">=4.5,<7.0"
typing-extensions = {version = ">=3.7.4", markers = "python_version < \"3.8\""}
yarl = ">=1.0,<2.0"

[package.extras]
speedups = ["aiodns", "brotli", "cchardet"]

[[package]]
name = "aiosignal"
version = "1.2.0"
description = "aiosignal: a list of registered asynchronous callbacks"
category = "main"
optional = false
python-versions = ">=3.6"

[package.dependencies]
frozenlist = ">=1.1.0"

[[package]]
name = "async-timeout"
version = "4.0.2"
description = "Timeout context manager for asyncio programs"
category = "main"
optional = false
python-versions = ">=3.6"

[package.dependencies]
typing-extensions = {version = ">=3.6.5", markers = "python_version < \"3.8\""}

[[package]]
name = "asynctest"
version = "0.13.0"
description = "Enhance the standard unittest package with features for testing asyncio libraries"
category = "main"
optional = false
python-versions = ">=3.5"

[[package]]
name = "atomicwrites"
version = "1.3.0"
description = "Atomic file writes."
category = "dev"
optional = false
python-versions = ">=2.7, !=3.0.*, !=3.1.*, !=3.2.*, !=3.3.*"

[[package]]
name = "attrs"
version = "19.3.0"
description = "Classes Without Boilerplate"
category = "main"
optional = false
python-versions = ">=2.7, !=3.0.*, !=3.1.*, !=3.2.*, !=3.3.*"

[package.extras]
azure-pipelines = ["coverage", "hypothesis", "pympler", "pytest (>=4.3.0)", "six", "zope.interface", "pytest-azurepipelines"]
dev = ["coverage", "hypothesis", "pympler", "pytest (>=4.3.0)", "six", "zope.interface", "sphinx", "pre-commit"]
docs = ["sphinx", "zope.interface"]
tests = ["coverage", "hypothesis", "pympler", "pytest (>=4.3.0)", "six", "zope.interface"]

[[package]]
name = "certifi"
version = "2019.11.28"
description = "Python package for providing Mozilla's CA Bundle."
category = "main"
optional = false
python-versions = "*"

[[package]]
name = "chardet"
version = "3.0.4"
description = "Universal encoding detector for Python 2 and 3"
category = "main"
optional = false
python-versions = "*"

[[package]]
name = "charset-normalizer"
version = "2.1.0"
description = "The Real First Universal Charset Detector. Open, modern and actively maintained alternative to Chardet."
category = "main"
optional = false
python-versions = ">=3.6.0"

[package.extras]
unicode_backport = ["unicodedata2"]

[[package]]
name = "colorama"
version = "0.4.3"
description = "Cross-platform colored terminal text."
category = "dev"
optional = false
python-versions = ">=2.7, !=3.0.*, !=3.1.*, !=3.2.*, !=3.3.*, !=3.4.*"

[[package]]
name = "frozenlist"
version = "1.3.0"
description = "A list-like structure which implements collections.abc.MutableSequence"
category = "main"
optional = false
python-versions = ">=3.7"

[[package]]
name = "idna"
version = "2.8"
description = "Internationalized Domain Names in Applications (IDNA)"
category = "main"
optional = false
python-versions = ">=2.7, !=3.0.*, !=3.1.*, !=3.2.*, !=3.3.*"

[[package]]
name = "importlib-metadata"
version = "1.4.0"
description = "Read metadata from Python packages"
category = "dev"
optional = false
python-versions = "!=3.0.*,!=3.1.*,!=3.2.*,!=3.3.*,!=3.4.*,>=2.7"

[package.dependencies]
zipp = ">=0.5"

[package.extras]
docs = ["sphinx", "rst.linker"]
testing = ["packaging", "importlib-resources"]

[[package]]
name = "more-itertools"
version = "8.1.0"
description = "More routines for operating on iterables, beyond itertools"
category = "dev"
optional = false
python-versions = ">=3.5"

[[package]]
name = "multidict"
version = "4.7.4"
description = "multidict implementation"
category = "main"
optional = false
python-versions = ">=3.5"

[[package]]
name = "packaging"
version = "20.0"
description = "Core utilities for Python packages"
category = "dev"
optional = false
python-versions = ">=2.7, !=3.0.*, !=3.1.*, !=3.2.*, !=3.3.*"

[package.dependencies]
pyparsing = ">=2.0.2"
six = "*"

[[package]]
name = "pluggy"
version = "0.13.1"
description = "plugin and hook calling mechanisms for python"
category = "dev"
optional = false
python-versions = ">=2.7, !=3.0.*, !=3.1.*, !=3.2.*, !=3.3.*"

[package.dependencies]
importlib-metadata = {version = ">=0.12", markers = "python_version < \"3.8\""}

[package.extras]
dev = ["pre-commit", "tox"]

[[package]]
name = "py"
version = "1.8.1"
description = "library with cross-python path, ini-parsing, io, code, log facilities"
category = "dev"
optional = false
python-versions = ">=2.7, !=3.0.*, !=3.1.*, !=3.2.*, !=3.3.*"

[[package]]
name = "pyparsing"
version = "2.4.6"
description = "Python parsing module"
category = "dev"
optional = false
python-versions = ">=2.6, !=3.0.*, !=3.1.*, !=3.2.*"

[[package]]
name = "pytest"
version = "5.3.2"
description = "pytest: simple powerful testing with Python"
category = "dev"
optional = false
python-versions = ">=3.5"

[package.dependencies]
atomicwrites = {version = ">=1.0", markers = "sys_platform == \"win32\""}
attrs = ">=17.4.0"
colorama = {version = "*", markers = "sys_platform == \"win32\""}
importlib-metadata = {version = ">=0.12", markers = "python_version < \"3.8\""}
more-itertools = ">=4.0.0"
packaging = "*"
pluggy = ">=0.12,<1.0"
py = ">=1.5.0"
wcwidth = "*"

[package.extras]
testing = ["argcomplete", "hypothesis (>=3.56)", "mock", "nose", "requests", "xmlschema"]

[[package]]
name = "requests"
version = "2.22.0"
description = "Python HTTP for Humans."
category = "main"
optional = false
python-versions = ">=2.7, !=3.0.*, !=3.1.*, !=3.2.*, !=3.3.*, !=3.4.*"

[package.dependencies]
certifi = ">=2017.4.17"
chardet = ">=3.0.2,<3.1.0"
idna = ">=2.5,<2.9"
urllib3 = ">=1.21.1,<1.25.0 || >1.25.0,<1.25.1 || >1.25.1,<1.26"

[package.extras]
security = ["pyOpenSSL (>=0.14)", "cryptography (>=1.3.4)", "idna (>=2.0.0)"]
socks = ["PySocks (>=1.5.6,!=1.5.7)", "win-inet-pton"]

[[package]]
name = "six"
version = "1.13.0"
description = "Python 2 and 3 compatibility utilities"
category = "dev"
optional = false
python-versions = ">=2.6, !=3.0.*, !=3.1.*"

[[package]]
name = "typing-extensions"
version = "4.2.0"
description = "Backported and Experimental Type Hints for Python 3.7+"
category = "main"
optional = false
python-versions = ">=3.7"

[[package]]
name = "urllib3"
version = "1.25.7"
description = "HTTP library with thread-safe connection pooling, file post, and more."
category = "main"
optional = false
python-versions = ">=2.7, !=3.0.*, !=3.1.*, !=3.2.*, !=3.3.*, <4"

[package.extras]
brotli = ["brotlipy (>=0.6.0)"]
secure = ["pyOpenSSL (>=0.14)", "cryptography (>=1.3.4)", "idna (>=2.0.0)", "certifi", "ipaddress"]
socks = ["PySocks (>=1.5.6,!=1.5.7,<2.0)"]

[[package]]
name = "wcwidth"
version = "0.1.8"
description = "Measures number of Terminal column cells of wide-character codes"
category = "dev"
optional = false
python-versions = "*"

[[package]]
name = "yarl"
version = "1.4.2"
description = "Yet another URL library"
category = "main"
optional = false
python-versions = ">=3.5"

[package.dependencies]
idna = ">=2.0"
multidict = ">=4.0"

[[package]]
name = "zipp"
version = "0.6.0"
description = "Backport of pathlib-compatible object wrapper for zip files"
category = "dev"
optional = false
python-versions = ">=2.7"

[package.dependencies]
more-itertools = "*"

[package.extras]
docs = ["sphinx", "jaraco.packaging (>=3.2)", "rst.linker (>=1.9)"]
testing = ["pathlib2", "contextlib2", "unittest2"]

[metadata]
lock-version = "1.1"
python-versions = "^3.7"
content-hash = "06580fb755b0c28aaa4c67f31de637212a28e4996784279b06d6a86606cd4c3a"

[metadata.files]
aiohttp = [
    {file = "aiohttp-3.8.1-cp310-cp310-macosx_10_9_universal2.whl", hash = "sha256:1ed0b6477896559f17b9eaeb6d38e07f7f9ffe40b9f0f9627ae8b9926ae260a8"},
    {file = "aiohttp-3.8.1-cp310-cp310-macosx_10_9_x86_64.whl", hash = "sha256:7dadf3c307b31e0e61689cbf9e06be7a867c563d5a63ce9dca578f956609abf8"},
    {file = "aiohttp-3.8.1-cp310-cp310-macosx_11_0_arm64.whl", hash = "sha256:a79004bb58748f31ae1cbe9fa891054baaa46fb106c2dc7af9f8e3304dc30316"},
    {file = "aiohttp-3.8.1-cp310-cp310-manylinux_2_17_aarch64.manylinux2014_aarch64.whl", hash = "sha256:12de6add4038df8f72fac606dff775791a60f113a725c960f2bab01d8b8e6b15"},
    {file = "aiohttp-3.8.1-cp310-cp310-manylinux_2_17_ppc64le.manylinux2014_ppc64le.whl", hash = "sha256:6f0d5f33feb5f69ddd57a4a4bd3d56c719a141080b445cbf18f238973c5c9923"},
    {file = "aiohttp-3.8.1-cp310-cp310-manylinux_2_17_s390x.manylinux2014_s390x.whl", hash = "sha256:eaba923151d9deea315be1f3e2b31cc39a6d1d2f682f942905951f4e40200922"},
    {file = "aiohttp-3.8.1-cp310-cp310-manylinux_2_5_i686.manylinux1_i686.manylinux_2_12_i686.manylinux2010_i686.whl", hash = "sha256:099ebd2c37ac74cce10a3527d2b49af80243e2a4fa39e7bce41617fbc35fa3c1"},
    {file = "aiohttp-3.8.1-cp310-cp310-manylinux_2_5_x86_64.manylinux1_x86_64.manylinux_2_12_x86_64.manylinux2010_x86_64.whl", hash = "sha256:2e5d962cf7e1d426aa0e528a7e198658cdc8aa4fe87f781d039ad75dcd52c516"},
    {file = "aiohttp-3.8.1-cp310-cp310-musllinux_1_1_aarch64.whl", hash = "sha256:fa0ffcace9b3aa34d205d8130f7873fcfefcb6a4dd3dd705b0dab69af6712642"},
    {file = "aiohttp-3.8.1-cp310-cp310-musllinux_1_1_i686.whl", hash = "sha256:61bfc23df345d8c9716d03717c2ed5e27374e0fe6f659ea64edcd27b4b044cf7"},
    {file = "aiohttp-3.8.1-cp310-cp310-musllinux_1_1_ppc64le.whl", hash = "sha256:31560d268ff62143e92423ef183680b9829b1b482c011713ae941997921eebc8"},
    {file = "aiohttp-3.8.1-cp310-cp310-musllinux_1_1_s390x.whl", hash = "sha256:01d7bdb774a9acc838e6b8f1d114f45303841b89b95984cbb7d80ea41172a9e3"},
    {file = "aiohttp-3.8.1-cp310-cp310-musllinux_1_1_x86_64.whl", hash = "sha256:97ef77eb6b044134c0b3a96e16abcb05ecce892965a2124c566af0fd60f717e2"},
    {file = "aiohttp-3.8.1-cp310-cp310-win32.whl", hash = "sha256:c2aef4703f1f2ddc6df17519885dbfa3514929149d3ff900b73f45998f2532fa"},
    {file = "aiohttp-3.8.1-cp310-cp310-win_amd64.whl", hash = "sha256:713ac174a629d39b7c6a3aa757b337599798da4c1157114a314e4e391cd28e32"},
    {file = "aiohttp-3.8.1-cp36-cp36m-macosx_10_9_x86_64.whl", hash = "sha256:473d93d4450880fe278696549f2e7aed8cd23708c3c1997981464475f32137db"},
    {file = "aiohttp-3.8.1-cp36-cp36m-manylinux_2_17_aarch64.manylinux2014_aarch64.whl", hash = "sha256:99b5eeae8e019e7aad8af8bb314fb908dd2e028b3cdaad87ec05095394cce632"},
    {file = "aiohttp-3.8.1-cp36-cp36m-manylinux_2_17_ppc64le.manylinux2014_ppc64le.whl", hash = "sha256:3af642b43ce56c24d063325dd2cf20ee012d2b9ba4c3c008755a301aaea720ad"},
    {file = "aiohttp-3.8.1-cp36-cp36m-manylinux_2_17_s390x.manylinux2014_s390x.whl", hash = "sha256:c3630c3ef435c0a7c549ba170a0633a56e92629aeed0e707fec832dee313fb7a"},
    {file = "aiohttp-3.8.1-cp36-cp36m-manylinux_2_5_i686.manylinux1_i686.manylinux_2_12_i686.manylinux2010_i686.whl", hash = "sha256:4a4a4e30bf1edcad13fb0804300557aedd07a92cabc74382fdd0ba6ca2661091"},
    {file = "aiohttp-3.8.1-cp36-cp36m-manylinux_2_5_x86_64.manylinux1_x86_64.manylinux_2_12_x86_64.manylinux2010_x86_64.whl", hash = "sha256:6f8b01295e26c68b3a1b90efb7a89029110d3a4139270b24fda961893216c440"},
    {file = "aiohttp-3.8.1-cp36-cp36m-musllinux_1_1_aarch64.whl", hash = "sha256:a25fa703a527158aaf10dafd956f7d42ac6d30ec80e9a70846253dd13e2f067b"},
    {file = "aiohttp-3.8.1-cp36-cp36m-musllinux_1_1_i686.whl", hash = "sha256:5bfde62d1d2641a1f5173b8c8c2d96ceb4854f54a44c23102e2ccc7e02f003ec"},
    {file = "aiohttp-3.8.1-cp36-cp36m-musllinux_1_1_ppc64le.whl", hash = "sha256:51467000f3647d519272392f484126aa716f747859794ac9924a7aafa86cd411"},
    {file = "aiohttp-3.8.1-cp36-cp36m-musllinux_1_1_s390x.whl", hash = "sha256:03a6d5349c9ee8f79ab3ff3694d6ce1cfc3ced1c9d36200cb8f08ba06bd3b782"},
    {file = "aiohttp-3.8.1-cp36-cp36m-musllinux_1_1_x86_64.whl", hash = "sha256:102e487eeb82afac440581e5d7f8f44560b36cf0bdd11abc51a46c1cd88914d4"},
    {file = "aiohttp-3.8.1-cp36-cp36m-win32.whl", hash = "sha256:4aed991a28ea3ce320dc8ce655875e1e00a11bdd29fe9444dd4f88c30d558602"},
    {file = "aiohttp-3.8.1-cp36-cp36m-win_amd64.whl", hash = "sha256:b0e20cddbd676ab8a64c774fefa0ad787cc506afd844de95da56060348021e96"},
    {file = "aiohttp-3.8.1-cp37-cp37m-macosx_10_9_x86_64.whl", hash = "sha256:37951ad2f4a6df6506750a23f7cbabad24c73c65f23f72e95897bb2cecbae676"},
    {file = "aiohttp-3.8.1-cp37-cp37m-manylinux_2_17_aarch64.manylinux2014_aarch64.whl", hash = "sha256:5c23b1ad869653bc818e972b7a3a79852d0e494e9ab7e1a701a3decc49c20d51"},
    {file = "aiohttp-3.8.1-cp37-cp37m-manylinux_2_17_ppc64le.manylinux2014_ppc64le.whl", hash = "sha256:15b09b06dae900777833fe7fc4b4aa426556ce95847a3e8d7548e2d19e34edb8"},
    {file = "aiohttp-3.8.1-cp37-cp37m-manylinux_2_17_s390x.manylinux2014_s390x.whl", hash = "sha256:477c3ea0ba410b2b56b7efb072c36fa91b1e6fc331761798fa3f28bb224830dd"},
    {file = "aiohttp-3.8.1-cp37-cp37m-manylinux_2_5_i686.manylinux1_i686.manylinux_2_12_i686.manylinux2010_i686.whl", hash = "sha256:2f2f69dca064926e79997f45b2f34e202b320fd3782f17a91941f7eb85502ee2"},
    {file = "aiohttp-3.8.1-cp37-cp37m-manylinux_2_5_x86_64.manylinux1_x86_64.manylinux_2_12_x86_64.manylinux2010_x86_64.whl", hash = "sha256:ef9612483cb35171d51d9173647eed5d0069eaa2ee812793a75373447d487aa4"},
    {file = "aiohttp-3.8.1-cp37-cp37m-musllinux_1_1_aarch64.whl", hash = "sha256:6d69f36d445c45cda7b3b26afef2fc34ef5ac0cdc75584a87ef307ee3c8c6d00"},
    {file = "aiohttp-3.8.1-cp37-cp37m-musllinux_1_1_i686.whl", hash = "sha256:55c3d1072704d27401c92339144d199d9de7b52627f724a949fc7d5fc56d8b93"},
    {file = "aiohttp-3.8.1-cp37-cp37m-musllinux_1_1_ppc64le.whl", hash = "sha256:b9d00268fcb9f66fbcc7cd9fe423741d90c75ee029a1d15c09b22d23253c0a44"},
    {file = "aiohttp-3.8.1-cp37-cp37m-musllinux_1_1_s390x.whl", hash = "sha256:07b05cd3305e8a73112103c834e91cd27ce5b4bd07850c4b4dbd1877d3f45be7"},
    {file = "aiohttp-3.8.1-cp37-cp37m-musllinux_1_1_x86_64.whl", hash = "sha256:c34dc4958b232ef6188c4318cb7b2c2d80521c9a56c52449f8f93ab7bc2a8a1c"},
    {file = "aiohttp-3.8.1-cp37-cp37m-win32.whl", hash = "sha256:d2f9b69293c33aaa53d923032fe227feac867f81682f002ce33ffae978f0a9a9"},
    {file = "aiohttp-3.8.1-cp37-cp37m-win_amd64.whl", hash = "sha256:6ae828d3a003f03ae31915c31fa684b9890ea44c9c989056fea96e3d12a9fa17"},
    {file = "aiohttp-3.8.1-cp38-cp38-macosx_10_9_universal2.whl", hash = "sha256:0c7ebbbde809ff4e970824b2b6cb7e4222be6b95a296e46c03cf050878fc1785"},
    {file = "aiohttp-3.8.1-cp38-cp38-macosx_10_9_x86_64.whl", hash = "sha256:8b7ef7cbd4fec9a1e811a5de813311ed4f7ac7d93e0fda233c9b3e1428f7dd7b"},
    {file = "aiohttp-3.8.1-cp38-cp38-macosx_11_0_arm64.whl", hash = "sha256:c3d6a4d0619e09dcd61021debf7059955c2004fa29f48788a3dfaf9c9901a7cd"},
    {file = "aiohttp-3.8.1-cp38-cp38-manylinux_2_17_aarch64.manylinux2014_aarch64.whl", hash = "sha256:718626a174e7e467f0558954f94af117b7d4695d48eb980146016afa4b580b2e"},
    {file = "aiohttp-3.8.1-cp38-cp38-manylinux_2_17_ppc64le.manylinux2014_ppc64le.whl", hash = "sha256:589c72667a5febd36f1315aa6e5f56dd4aa4862df295cb51c769d16142ddd7cd"},
    {file = "aiohttp-3.8.1-cp38-cp38-manylinux_2_17_s390x.manylinux2014_s390x.whl", hash = "sha256:2ed076098b171573161eb146afcb9129b5ff63308960aeca4b676d9d3c35e700"},
    {file = "aiohttp-3.8.1-cp38-cp38-manylinux_2_5_i686.manylinux1_i686.manylinux_2_12_i686.manylinux2010_i686.whl", hash = "sha256:086f92daf51a032d062ec5f58af5ca6a44d082c35299c96376a41cbb33034675"},
    {file = "aiohttp-3.8.1-cp38-cp38-manylinux_2_5_x86_64.manylinux1_x86_64.manylinux_2_12_x86_64.manylinux2010_x86_64.whl", hash = "sha256:11691cf4dc5b94236ccc609b70fec991234e7ef8d4c02dd0c9668d1e486f5abf"},
    {file = "aiohttp-3.8.1-cp38-cp38-musllinux_1_1_aarch64.whl", hash = "sha256:31d1e1c0dbf19ebccbfd62eff461518dcb1e307b195e93bba60c965a4dcf1ba0"},
    {file = "aiohttp-3.8.1-cp38-cp38-musllinux_1_1_i686.whl", hash = "sha256:11a67c0d562e07067c4e86bffc1553f2cf5b664d6111c894671b2b8712f3aba5"},
    {file = "aiohttp-3.8.1-cp38-cp38-musllinux_1_1_ppc64le.whl", hash = "sha256:bb01ba6b0d3f6c68b89fce7305080145d4877ad3acaed424bae4d4ee75faa950"},
    {file = "aiohttp-3.8.1-cp38-cp38-musllinux_1_1_s390x.whl", hash = "sha256:44db35a9e15d6fe5c40d74952e803b1d96e964f683b5a78c3cc64eb177878155"},
    {file = "aiohttp-3.8.1-cp38-cp38-musllinux_1_1_x86_64.whl", hash = "sha256:844a9b460871ee0a0b0b68a64890dae9c415e513db0f4a7e3cab41a0f2fedf33"},
    {file = "aiohttp-3.8.1-cp38-cp38-win32.whl", hash = "sha256:7d08744e9bae2ca9c382581f7dce1273fe3c9bae94ff572c3626e8da5b193c6a"},
    {file = "aiohttp-3.8.1-cp38-cp38-win_amd64.whl", hash = "sha256:04d48b8ce6ab3cf2097b1855e1505181bdd05586ca275f2505514a6e274e8e75"},
    {file = "aiohttp-3.8.1-cp39-cp39-macosx_10_9_universal2.whl", hash = "sha256:f5315a2eb0239185af1bddb1abf472d877fede3cc8d143c6cddad37678293237"},
    {file = "aiohttp-3.8.1-cp39-cp39-macosx_10_9_x86_64.whl", hash = "sha256:a996d01ca39b8dfe77440f3cd600825d05841088fd6bc0144cc6c2ec14cc5f74"},
    {file = "aiohttp-3.8.1-cp39-cp39-macosx_11_0_arm64.whl", hash = "sha256:13487abd2f761d4be7c8ff9080de2671e53fff69711d46de703c310c4c9317ca"},
    {file = "aiohttp-3.8.1-cp39-cp39-manylinux_2_17_aarch64.manylinux2014_aarch64.whl", hash = "sha256:ea302f34477fda3f85560a06d9ebdc7fa41e82420e892fc50b577e35fc6a50b2"},
    {file = "aiohttp-3.8.1-cp39-cp39-manylinux_2_17_ppc64le.manylinux2014_ppc64le.whl", hash = "sha256:a2f635ce61a89c5732537a7896b6319a8fcfa23ba09bec36e1b1ac0ab31270d2"},
    {file = "aiohttp-3.8.1-cp39-cp39-manylinux_2_17_s390x.manylinux2014_s390x.whl", hash = "sha256:e999f2d0e12eea01caeecb17b653f3713d758f6dcc770417cf29ef08d3931421"},
    {file = "aiohttp-3.8.1-cp39-cp39-manylinux_2_5_i686.manylinux1_i686.manylinux_2_12_i686.manylinux2010_i686.whl", hash = "sha256:0770e2806a30e744b4e21c9d73b7bee18a1cfa3c47991ee2e5a65b887c49d5cf"},
    {file = "aiohttp-3.8.1-cp39-cp39-manylinux_2_5_x86_64.manylinux1_x86_64.manylinux_2_12_x86_64.manylinux2010_x86_64.whl", hash = "sha256:d15367ce87c8e9e09b0f989bfd72dc641bcd04ba091c68cd305312d00962addd"},
    {file = "aiohttp-3.8.1-cp39-cp39-musllinux_1_1_aarch64.whl", hash = "sha256:6c7cefb4b0640703eb1069835c02486669312bf2f12b48a748e0a7756d0de33d"},
    {file = "aiohttp-3.8.1-cp39-cp39-musllinux_1_1_i686.whl", hash = "sha256:71927042ed6365a09a98a6377501af5c9f0a4d38083652bcd2281a06a5976724"},
    {file = "aiohttp-3.8.1-cp39-cp39-musllinux_1_1_ppc64le.whl", hash = "sha256:28d490af82bc6b7ce53ff31337a18a10498303fe66f701ab65ef27e143c3b0ef"},
    {file = "aiohttp-3.8.1-cp39-cp39-musllinux_1_1_s390x.whl", hash = "sha256:b6613280ccedf24354406caf785db748bebbddcf31408b20c0b48cb86af76866"},
    {file = "aiohttp-3.8.1-cp39-cp39-musllinux_1_1_x86_64.whl", hash = "sha256:81e3d8c34c623ca4e36c46524a3530e99c0bc95ed068fd6e9b55cb721d408fb2"},
    {file = "aiohttp-3.8.1-cp39-cp39-win32.whl", hash = "sha256:7187a76598bdb895af0adbd2fb7474d7f6025d170bc0a1130242da817ce9e7d1"},
    {file = "aiohttp-3.8.1-cp39-cp39-win_amd64.whl", hash = "sha256:1c182cb873bc91b411e184dab7a2b664d4fea2743df0e4d57402f7f3fa644bac"},
    {file = "aiohttp-3.8.1.tar.gz", hash = "sha256:fc5471e1a54de15ef71c1bc6ebe80d4dc681ea600e68bfd1cbce40427f0b7578"},
]
aiosignal = [
    {file = "aiosignal-1.2.0-py3-none-any.whl", hash = "sha256:26e62109036cd181df6e6ad646f91f0dcfd05fe16d0cb924138ff2ab75d64e3a"},
    {file = "aiosignal-1.2.0.tar.gz", hash = "sha256:78ed67db6c7b7ced4f98e495e572106d5c432a93e1ddd1bf475e1dc05f5b7df2"},
]
async-timeout = [
    {file = "async-timeout-4.0.2.tar.gz", hash = "sha256:2163e1640ddb52b7a8c80d0a67a08587e5d245cc9c553a74a847056bc2976b15"},
    {file = "async_timeout-4.0.2-py3-none-any.whl", hash = "sha256:8ca1e4fcf50d07413d66d1a5e416e42cfdf5851c981d679a09851a6853383b3c"},
]
asynctest = [
    {file = "asynctest-0.13.0-py3-none-any.whl", hash = "sha256:5da6118a7e6d6b54d83a8f7197769d046922a44d2a99c21382f0a6e4fadae676"},
    {file = "asynctest-0.13.0.tar.gz", hash = "sha256:c27862842d15d83e6a34eb0b2866c323880eb3a75e4485b079ea11748fd77fac"},
]
atomicwrites = [
    {file = "atomicwrites-1.3.0-py2.py3-none-any.whl", hash = "sha256:03472c30eb2c5d1ba9227e4c2ca66ab8287fbfbbda3888aa93dc2e28fc6811b4"},
    {file = "atomicwrites-1.3.0.tar.gz", hash = "sha256:75a9445bac02d8d058d5e1fe689654ba5a6556a1dfd8ce6ec55a0ed79866cfa6"},
]
attrs = [
    {file = "attrs-19.3.0-py2.py3-none-any.whl", hash = "sha256:08a96c641c3a74e44eb59afb61a24f2cb9f4d7188748e76ba4bb5edfa3cb7d1c"},
    {file = "attrs-19.3.0.tar.gz", hash = "sha256:f7b7ce16570fe9965acd6d30101a28f62fb4a7f9e926b3bbc9b61f8b04247e72"},
]
certifi = [
    {file = "certifi-2019.11.28-py2.py3-none-any.whl", hash = "sha256:017c25db2a153ce562900032d5bc68e9f191e44e9a0f762f373977de9df1fbb3"},
    {file = "certifi-2019.11.28.tar.gz", hash = "sha256:25b64c7da4cd7479594d035c08c2d809eb4aab3a26e5a990ea98cc450c320f1f"},
]
chardet = [
    {file = "chardet-3.0.4-py2.py3-none-any.whl", hash = "sha256:fc323ffcaeaed0e0a02bf4d117757b98aed530d9ed4531e3e15460124c106691"},
    {file = "chardet-3.0.4.tar.gz", hash = "sha256:84ab92ed1c4d4f16916e05906b6b75a6c0fb5db821cc65e70cbd64a3e2a5eaae"},
]
charset-normalizer = [
    {file = "charset-normalizer-2.1.0.tar.gz", hash = "sha256:575e708016ff3a5e3681541cb9d79312c416835686d054a23accb873b254f413"},
    {file = "charset_normalizer-2.1.0-py3-none-any.whl", hash = "sha256:5189b6f22b01957427f35b6a08d9a0bc45b46d3788ef5a92e978433c7a35f8a5"},
]
colorama = [
    {file = "colorama-0.4.3-py2.py3-none-any.whl", hash = "sha256:7d73d2a99753107a36ac6b455ee49046802e59d9d076ef8e47b61499fa29afff"},
    {file = "colorama-0.4.3.tar.gz", hash = "sha256:e96da0d330793e2cb9485e9ddfd918d456036c7149416295932478192f4436a1"},
]
frozenlist = [
    {file = "frozenlist-1.3.0-cp310-cp310-macosx_10_9_universal2.whl", hash = "sha256:d2257aaba9660f78c7b1d8fea963b68f3feffb1a9d5d05a18401ca9eb3e8d0a3"},
    {file = "frozenlist-1.3.0-cp310-cp310-macosx_10_9_x86_64.whl", hash = "sha256:4a44ebbf601d7bac77976d429e9bdb5a4614f9f4027777f9e54fd765196e9d3b"},
    {file = "frozenlist-1.3.0-cp310-cp310-macosx_11_0_arm64.whl", hash = "sha256:45334234ec30fc4ea677f43171b18a27505bfb2dba9aca4398a62692c0ea8868"},
    {file = "frozenlist-1.3.0-cp310-cp310-manylinux_2_17_aarch64.manylinux2014_aarch64.whl", hash = "sha256:47be22dc27ed933d55ee55845d34a3e4e9f6fee93039e7f8ebadb0c2f60d403f"},
    {file = "frozenlist-1.3.0-cp310-cp310-manylinux_2_17_ppc64le.manylinux2014_ppc64le.whl", hash = "sha256:03a7dd1bfce30216a3f51a84e6dd0e4a573d23ca50f0346634916ff105ba6e6b"},
    {file = "frozenlist-1.3.0-cp310-cp310-manylinux_2_17_s390x.manylinux2014_s390x.whl", hash = "sha256:691ddf6dc50480ce49f68441f1d16a4c3325887453837036e0fb94736eae1e58"},
    {file = "frozenlist-1.3.0-cp310-cp310-manylinux_2_5_i686.manylinux1_i686.manylinux_2_17_i686.manylinux2014_i686.whl", hash = "sha256:bde99812f237f79eaf3f04ebffd74f6718bbd216101b35ac7955c2d47c17da02"},
    {file = "frozenlist-1.3.0-cp310-cp310-manylinux_2_5_x86_64.manylinux1_x86_64.manylinux_2_17_x86_64.manylinux2014_x86_64.whl", hash = "sha256:6a202458d1298ced3768f5a7d44301e7c86defac162ace0ab7434c2e961166e8"},
    {file = "frozenlist-1.3.0-cp310-cp310-musllinux_1_1_aarch64.whl", hash = "sha256:b9e3e9e365991f8cc5f5edc1fd65b58b41d0514a6a7ad95ef5c7f34eb49b3d3e"},
    {file = "frozenlist-1.3.0-cp310-cp310-musllinux_1_1_i686.whl", hash = "sha256:04cb491c4b1c051734d41ea2552fde292f5f3a9c911363f74f39c23659c4af78"},
    {file = "frozenlist-1.3.0-cp310-cp310-musllinux_1_1_ppc64le.whl", hash = "sha256:436496321dad302b8b27ca955364a439ed1f0999311c393dccb243e451ff66aa"},
    {file = "frozenlist-1.3.0-cp310-cp310-musllinux_1_1_s390x.whl", hash = "sha256:754728d65f1acc61e0f4df784456106e35afb7bf39cfe37227ab00436fb38676"},
    {file = "frozenlist-1.3.0-cp310-cp310-musllinux_1_1_x86_64.whl", hash = "sha256:6eb275c6385dd72594758cbe96c07cdb9bd6becf84235f4a594bdf21e3596c9d"},
    {file = "frozenlist-1.3.0-cp310-cp310-win32.whl", hash = "sha256:e30b2f9683812eb30cf3f0a8e9f79f8d590a7999f731cf39f9105a7c4a39489d"},
    {file = "frozenlist-1.3.0-cp310-cp310-win_amd64.whl", hash = "sha256:f7353ba3367473d1d616ee727945f439e027f0bb16ac1a750219a8344d1d5d3c"},
    {file = "frozenlist-1.3.0-cp37-cp37m-macosx_10_9_x86_64.whl", hash = "sha256:88aafd445a233dbbf8a65a62bc3249a0acd0d81ab18f6feb461cc5a938610d24"},
    {file = "frozenlist-1.3.0-cp37-cp37m-manylinux_2_17_aarch64.manylinux2014_aarch64.whl", hash = "sha256:4406cfabef8f07b3b3af0f50f70938ec06d9f0fc26cbdeaab431cbc3ca3caeaa"},
    {file = "frozenlist-1.3.0-cp37-cp37m-manylinux_2_17_ppc64le.manylinux2014_ppc64le.whl", hash = "sha256:8cf829bd2e2956066dd4de43fd8ec881d87842a06708c035b37ef632930505a2"},
    {file = "frozenlist-1.3.0-cp37-cp37m-manylinux_2_17_s390x.manylinux2014_s390x.whl", hash = "sha256:603b9091bd70fae7be28bdb8aa5c9990f4241aa33abb673390a7f7329296695f"},
    {file = "frozenlist-1.3.0-cp37-cp37m-manylinux_2_5_i686.manylinux1_i686.manylinux_2_17_i686.manylinux2014_i686.whl", hash = "sha256:25af28b560e0c76fa41f550eacb389905633e7ac02d6eb3c09017fa1c8cdfde1"},
    {file = "frozenlist-1.3.0-cp37-cp37m-manylinux_2_5_x86_64.manylinux1_x86_64.manylinux_2_17_x86_64.manylinux2014_x86_64.whl", hash = "sha256:94c7a8a9fc9383b52c410a2ec952521906d355d18fccc927fca52ab575ee8b93"},
    {file = "frozenlist-1.3.0-cp37-cp37m-musllinux_1_1_aarch64.whl", hash = "sha256:65bc6e2fece04e2145ab6e3c47428d1bbc05aede61ae365b2c1bddd94906e478"},
    {file = "frozenlist-1.3.0-cp37-cp37m-musllinux_1_1_i686.whl", hash = "sha256:3f7c935c7b58b0d78c0beea0c7358e165f95f1fd8a7e98baa40d22a05b4a8141"},
    {file = "frozenlist-1.3.0-cp37-cp37m-musllinux_1_1_ppc64le.whl", hash = "sha256:bd89acd1b8bb4f31b47072615d72e7f53a948d302b7c1d1455e42622de180eae"},
    {file = "frozenlist-1.3.0-cp37-cp37m-musllinux_1_1_s390x.whl", hash = "sha256:6983a31698490825171be44ffbafeaa930ddf590d3f051e397143a5045513b01"},
    {file = "frozenlist-1.3.0-cp37-cp37m-musllinux_1_1_x86_64.whl", hash = "sha256:adac9700675cf99e3615eb6a0eb5e9f5a4143c7d42c05cea2e7f71c27a3d0846"},
    {file = "frozenlist-1.3.0-cp37-cp37m-win32.whl", hash = "sha256:0c36e78b9509e97042ef869c0e1e6ef6429e55817c12d78245eb915e1cca7468"},
    {file = "frozenlist-1.3.0-cp37-cp37m-win_amd64.whl", hash = "sha256:57f4d3f03a18facacb2a6bcd21bccd011e3b75d463dc49f838fd699d074fabd1"},
    {file = "frozenlist-1.3.0-cp38-cp38-macosx_10_9_universal2.whl", hash = "sha256:8c905a5186d77111f02144fab5b849ab524f1e876a1e75205cd1386a9be4b00a"},
    {file = "frozenlist-1.3.0-cp38-cp38-macosx_10_9_x86_64.whl", hash = "sha256:b5009062d78a8c6890d50b4e53b0ddda31841b3935c1937e2ed8c1bda1c7fb9d"},
    {file = "frozenlist-1.3.0-cp38-cp38-macosx_11_0_arm64.whl", hash = "sha256:2fdc3cd845e5a1f71a0c3518528bfdbfe2efaf9886d6f49eacc5ee4fd9a10953"},
    {file = "frozenlist-1.3.0-cp38-cp38-manylinux_2_17_aarch64.manylinux2014_aarch64.whl", hash = "sha256:92e650bd09b5dda929523b9f8e7f99b24deac61240ecc1a32aeba487afcd970f"},
    {file = "frozenlist-1.3.0-cp38-cp38-manylinux_2_17_ppc64le.manylinux2014_ppc64le.whl", hash = "sha256:40dff8962b8eba91fd3848d857203f0bd704b5f1fa2b3fc9af64901a190bba08"},
    {file = "frozenlist-1.3.0-cp38-cp38-manylinux_2_17_s390x.manylinux2014_s390x.whl", hash = "sha256:768efd082074bb203c934e83a61654ed4931ef02412c2fbdecea0cff7ecd0274"},
    {file = "frozenlist-1.3.0-cp38-cp38-manylinux_2_5_i686.manylinux1_i686.manylinux_2_17_i686.manylinux2014_i686.whl", hash = "sha256:006d3595e7d4108a12025ddf415ae0f6c9e736e726a5db0183326fd191b14c5e"},
    {file = "frozenlist-1.3.0-cp38-cp38-manylinux_2_5_x86_64.manylinux1_x86_64.manylinux_2_17_x86_64.manylinux2014_x86_64.whl", hash = "sha256:871d42623ae15eb0b0e9df65baeee6976b2e161d0ba93155411d58ff27483ad8"},
    {file = "frozenlist-1.3.0-cp38-cp38-musllinux_1_1_aarch64.whl", hash = "sha256:aff388be97ef2677ae185e72dc500d19ecaf31b698986800d3fc4f399a5e30a5"},
    {file = "frozenlist-1.3.0-cp38-cp38-musllinux_1_1_i686.whl", hash = "sha256:9f892d6a94ec5c7b785e548e42722e6f3a52f5f32a8461e82ac3e67a3bd073f1"},
    {file = "frozenlist-1.3.0-cp38-cp38-musllinux_1_1_ppc64le.whl", hash = "sha256:e982878792c971cbd60ee510c4ee5bf089a8246226dea1f2138aa0bb67aff148"},
    {file = "frozenlist-1.3.0-cp38-cp38-musllinux_1_1_s390x.whl", hash = "sha256:c6c321dd013e8fc20735b92cb4892c115f5cdb82c817b1e5b07f6b95d952b2f0"},
    {file = "frozenlist-1.3.0-cp38-cp38-musllinux_1_1_x86_64.whl", hash = "sha256:30530930410855c451bea83f7b272fb1c495ed9d5cc72895ac29e91279401db3"},
    {file = "frozenlist-1.3.0-cp38-cp38-win32.whl", hash = "sha256:40ec383bc194accba825fbb7d0ef3dda5736ceab2375462f1d8672d9f6b68d07"},
    {file = "frozenlist-1.3.0-cp38-cp38-win_amd64.whl", hash = "sha256:f20baa05eaa2bcd5404c445ec51aed1c268d62600362dc6cfe04fae34a424bd9"},
    {file = "frozenlist-1.3.0-cp39-cp39-macosx_10_9_universal2.whl", hash = "sha256:0437fe763fb5d4adad1756050cbf855bbb2bf0d9385c7bb13d7a10b0dd550486"},
    {file = "frozenlist-1.3.0-cp39-cp39-macosx_10_9_x86_64.whl", hash = "sha256:b684c68077b84522b5c7eafc1dc735bfa5b341fb011d5552ebe0968e22ed641c"},
    {file = "frozenlist-1.3.0-cp39-cp39-macosx_11_0_arm64.whl", hash = "sha256:93641a51f89473837333b2f8100f3f89795295b858cd4c7d4a1f18e299dc0a4f"},
    {file = "frozenlist-1.3.0-cp39-cp39-manylinux_2_17_aarch64.manylinux2014_aarch64.whl", hash = "sha256:d6d32ff213aef0fd0bcf803bffe15cfa2d4fde237d1d4838e62aec242a8362fa"},
    {file = "frozenlist-1.3.0-cp39-cp39-manylinux_2_17_ppc64le.manylinux2014_ppc64le.whl", hash = "sha256:31977f84828b5bb856ca1eb07bf7e3a34f33a5cddce981d880240ba06639b94d"},
    {file = "frozenlist-1.3.0-cp39-cp39-manylinux_2_17_s390x.manylinux2014_s390x.whl", hash = "sha256:3c62964192a1c0c30b49f403495911298810bada64e4f03249ca35a33ca0417a"},
    {file = "frozenlist-1.3.0-cp39-cp39-manylinux_2_5_i686.manylinux1_i686.manylinux_2_17_i686.manylinux2014_i686.whl", hash = "sha256:4eda49bea3602812518765810af732229b4291d2695ed24a0a20e098c45a707b"},
    {file = "frozenlist-1.3.0-cp39-cp39-manylinux_2_5_x86_64.manylinux1_x86_64.manylinux_2_17_x86_64.manylinux2014_x86_64.whl", hash = "sha256:acb267b09a509c1df5a4ca04140da96016f40d2ed183cdc356d237286c971b51"},
    {file = "frozenlist-1.3.0-cp39-cp39-musllinux_1_1_aarch64.whl", hash = "sha256:e1e26ac0a253a2907d654a37e390904426d5ae5483150ce3adedb35c8c06614a"},
    {file = "frozenlist-1.3.0-cp39-cp39-musllinux_1_1_i686.whl", hash = "sha256:f96293d6f982c58ebebb428c50163d010c2f05de0cde99fd681bfdc18d4b2dc2"},
    {file = "frozenlist-1.3.0-cp39-cp39-musllinux_1_1_ppc64le.whl", hash = "sha256:e84cb61b0ac40a0c3e0e8b79c575161c5300d1d89e13c0e02f76193982f066ed"},
    {file = "frozenlist-1.3.0-cp39-cp39-musllinux_1_1_s390x.whl", hash = "sha256:ff9310f05b9d9c5c4dd472983dc956901ee6cb2c3ec1ab116ecdde25f3ce4951"},
    {file = "frozenlist-1.3.0-cp39-cp39-musllinux_1_1_x86_64.whl", hash = "sha256:d26b650b71fdc88065b7a21f8ace70175bcf3b5bdba5ea22df4bfd893e795a3b"},
    {file = "frozenlist-1.3.0-cp39-cp39-win32.whl", hash = "sha256:01a73627448b1f2145bddb6e6c2259988bb8aee0fb361776ff8604b99616cd08"},
    {file = "frozenlist-1.3.0-cp39-cp39-win_amd64.whl", hash = "sha256:772965f773757a6026dea111a15e6e2678fbd6216180f82a48a40b27de1ee2ab"},
    {file = "frozenlist-1.3.0.tar.gz", hash = "sha256:ce6f2ba0edb7b0c1d8976565298ad2deba6f8064d2bebb6ffce2ca896eb35b0b"},
]
idna = [
    {file = "idna-2.8-py2.py3-none-any.whl", hash = "sha256:ea8b7f6188e6fa117537c3df7da9fc686d485087abf6ac197f9c46432f7e4a3c"},
    {file = "idna-2.8.tar.gz", hash = "sha256:c357b3f628cf53ae2c4c05627ecc484553142ca23264e593d327bcde5e9c3407"},
]
importlib-metadata = [
    {file = "importlib_metadata-1.4.0-py2.py3-none-any.whl", hash = "sha256:bdd9b7c397c273bcc9a11d6629a38487cd07154fa255a467bf704cd2c258e359"},
    {file = "importlib_metadata-1.4.0.tar.gz", hash = "sha256:f17c015735e1a88296994c0697ecea7e11db24290941983b08c9feb30921e6d8"},
]
more-itertools = [
    {file = "more-itertools-8.1.0.tar.gz", hash = "sha256:c468adec578380b6281a114cb8a5db34eb1116277da92d7c46f904f0b52d3288"},
    {file = "more_itertools-8.1.0-py3-none-any.whl", hash = "sha256:1a2a32c72400d365000412fe08eb4a24ebee89997c18d3d147544f70f5403b39"},
]
multidict = [
    {file = "multidict-4.7.4-cp35-cp35m-macosx_10_13_x86_64.whl", hash = "sha256:93166e0f5379cf6cd29746989f8a594fa7204dcae2e9335ddba39c870a287e1c"},
    {file = "multidict-4.7.4-cp35-cp35m-manylinux1_x86_64.whl", hash = "sha256:a8ed33e8f9b67e3b592c56567135bb42e7e0e97417a4b6a771e60898dfd5182b"},
    {file = "multidict-4.7.4-cp35-cp35m-win32.whl", hash = "sha256:a38baa3046cce174a07a59952c9f876ae8875ef3559709639c17fdf21f7b30dd"},
    {file = "multidict-4.7.4-cp35-cp35m-win_amd64.whl", hash = "sha256:9a7b115ee0b9b92d10ebc246811d8f55d0c57e82dbb6a26b23c9a9a6ad40ce0c"},
    {file = "multidict-4.7.4-cp36-cp36m-macosx_10_13_x86_64.whl", hash = "sha256:dcfed56aa085b89d644af17442cdc2debaa73388feba4b8026446d168ca8dad7"},
    {file = "multidict-4.7.4-cp36-cp36m-manylinux1_x86_64.whl", hash = "sha256:f29b885e4903bd57a7789f09fe9d60b6475a6c1a4c0eca874d8558f00f9d4b51"},
    {file = "multidict-4.7.4-cp36-cp36m-win32.whl", hash = "sha256:13f3ebdb5693944f52faa7b2065b751cb7e578b8dd0a5bb8e4ab05ad0188b85e"},
    {file = "multidict-4.7.4-cp36-cp36m-win_amd64.whl", hash = "sha256:4fba5204d32d5c52439f88437d33ad14b5f228e25072a192453f658bddfe45a7"},
    {file = "multidict-4.7.4-cp37-cp37m-macosx_10_13_x86_64.whl", hash = "sha256:a6d219f49821f4b2c85c6d426346a5d84dab6daa6f85ca3da6c00ed05b54022d"},
    {file = "multidict-4.7.4-cp37-cp37m-manylinux1_x86_64.whl", hash = "sha256:63810343ea07f5cd86ba66ab66706243a6f5af075eea50c01e39b4ad6bc3c57a"},
    {file = "multidict-4.7.4-cp37-cp37m-win32.whl", hash = "sha256:26502cefa86d79b86752e96639352c7247846515c864d7c2eb85d036752b643c"},
    {file = "multidict-4.7.4-cp37-cp37m-win_amd64.whl", hash = "sha256:5eee66f882ab35674944dfa0d28b57fa51e160b4dce0ce19e47f495fdae70703"},
    {file = "multidict-4.7.4-cp38-cp38-macosx_10_13_x86_64.whl", hash = "sha256:527124ef435f39a37b279653ad0238ff606b58328ca7989a6df372fd75d7fe26"},
    {file = "multidict-4.7.4-cp38-cp38-manylinux1_x86_64.whl", hash = "sha256:83c6ddf0add57c6b8a7de0bc7e2d656be3eefeff7c922af9a9aae7e49f225625"},
    {file = "multidict-4.7.4-cp38-cp38-win32.whl", hash = "sha256:6bd10adf9f0d6a98ccc792ab6f83d18674775986ba9bacd376b643fe35633357"},
    {file = "multidict-4.7.4-cp38-cp38-win_amd64.whl", hash = "sha256:5414f388ffd78c57e77bd253cf829373721f450613de53dc85a08e34d806e8eb"},
    {file = "multidict-4.7.4.tar.gz", hash = "sha256:d7d428488c67b09b26928950a395e41cc72bb9c3d5abfe9f0521940ee4f796d4"},
]
packaging = [
    {file = "packaging-20.0-py2.py3-none-any.whl", hash = "sha256:aec3fdbb8bc9e4bb65f0634b9f551ced63983a529d6a8931817d52fdd0816ddb"},
    {file = "packaging-20.0.tar.gz", hash = "sha256:fe1d8331dfa7cc0a883b49d75fc76380b2ab2734b220fbb87d774e4fd4b851f8"},
]
pluggy = [
    {file = "pluggy-0.13.1-py2.py3-none-any.whl", hash = "sha256:966c145cd83c96502c3c3868f50408687b38434af77734af1e9ca461a4081d2d"},
    {file = "pluggy-0.13.1.tar.gz", hash = "sha256:15b2acde666561e1298d71b523007ed7364de07029219b604cf808bfa1c765b0"},
]
py = [
    {file = "py-1.8.1-py2.py3-none-any.whl", hash = "sha256:c20fdd83a5dbc0af9efd622bee9a5564e278f6380fffcacc43ba6f43db2813b0"},
    {file = "py-1.8.1.tar.gz", hash = "sha256:5e27081401262157467ad6e7f851b7aa402c5852dbcb3dae06768434de5752aa"},
]
pyparsing = [
    {file = "pyparsing-2.4.6-py2.py3-none-any.whl", hash = "sha256:c342dccb5250c08d45fd6f8b4a559613ca603b57498511740e65cd11a2e7dcec"},
    {file = "pyparsing-2.4.6.tar.gz", hash = "sha256:4c830582a84fb022400b85429791bc551f1f4871c33f23e44f353119e92f969f"},
]
pytest = [
    {file = "pytest-5.3.2-py3-none-any.whl", hash = "sha256:e41d489ff43948babd0fad7ad5e49b8735d5d55e26628a58673c39ff61d95de4"},
    {file = "pytest-5.3.2.tar.gz", hash = "sha256:6b571215b5a790f9b41f19f3531c53a45cf6bb8ef2988bc1ff9afb38270b25fa"},
]
requests = [
    {file = "requests-2.22.0-py2.py3-none-any.whl", hash = "sha256:9cf5292fcd0f598c671cfc1e0d7d1a7f13bb8085e9a590f48c010551dc6c4b31"},
    {file = "requests-2.22.0.tar.gz", hash = "sha256:11e007a8a2aa0323f5a921e9e6a2d7e4e67d9877e85773fba9ba6419025cbeb4"},
]
six = [
    {file = "six-1.13.0-py2.py3-none-any.whl", hash = "sha256:1f1b7d42e254082a9db6279deae68afb421ceba6158efa6131de7b3003ee93fd"},
    {file = "six-1.13.0.tar.gz", hash = "sha256:30f610279e8b2578cab6db20741130331735c781b56053c59c4076da27f06b66"},
]
typing-extensions = [
    {file = "typing_extensions-4.2.0-py3-none-any.whl", hash = "sha256:6657594ee297170d19f67d55c05852a874e7eb634f4f753dbd667855e07c1708"},
    {file = "typing_extensions-4.2.0.tar.gz", hash = "sha256:f1c24655a0da0d1b67f07e17a5e6b2a105894e6824b92096378bb3668ef02376"},
]
urllib3 = [
    {file = "urllib3-1.25.7-py2.py3-none-any.whl", hash = "sha256:a8a318824cc77d1fd4b2bec2ded92646630d7fe8619497b142c84a9e6f5a7293"},
    {file = "urllib3-1.25.7.tar.gz", hash = "sha256:f3c5fd51747d450d4dcf6f923c81f78f811aab8205fda64b0aba34a4e48b0745"},
]
wcwidth = [
    {file = "wcwidth-0.1.8-py2.py3-none-any.whl", hash = "sha256:8fd29383f539be45b20bd4df0dc29c20ba48654a41e661925e612311e9f3c603"},
    {file = "wcwidth-0.1.8.tar.gz", hash = "sha256:f28b3e8a6483e5d49e7f8949ac1a78314e740333ae305b4ba5defd3e74fb37a8"},
]
yarl = [
    {file = "yarl-1.4.2-cp35-cp35m-macosx_10_13_x86_64.whl", hash = "sha256:3ce3d4f7c6b69c4e4f0704b32eca8123b9c58ae91af740481aa57d7857b5e41b"},
    {file = "yarl-1.4.2-cp35-cp35m-manylinux1_x86_64.whl", hash = "sha256:a4844ebb2be14768f7994f2017f70aca39d658a96c786211be5ddbe1c68794c1"},
    {file = "yarl-1.4.2-cp35-cp35m-win32.whl", hash = "sha256:d8cdee92bc930d8b09d8bd2043cedd544d9c8bd7436a77678dd602467a993080"},
    {file = "yarl-1.4.2-cp35-cp35m-win_amd64.whl", hash = "sha256:c2b509ac3d4b988ae8769901c66345425e361d518aecbe4acbfc2567e416626a"},
    {file = "yarl-1.4.2-cp36-cp36m-macosx_10_13_x86_64.whl", hash = "sha256:308b98b0c8cd1dfef1a0311dc5e38ae8f9b58349226aa0533f15a16717ad702f"},
    {file = "yarl-1.4.2-cp36-cp36m-manylinux1_x86_64.whl", hash = "sha256:944494be42fa630134bf907714d40207e646fd5a94423c90d5b514f7b0713fea"},
    {file = "yarl-1.4.2-cp36-cp36m-win32.whl", hash = "sha256:5b10eb0e7f044cf0b035112446b26a3a2946bca9d7d7edb5e54a2ad2f6652abb"},
    {file = "yarl-1.4.2-cp36-cp36m-win_amd64.whl", hash = "sha256:a161de7e50224e8e3de6e184707476b5a989037dcb24292b391a3d66ff158e70"},
    {file = "yarl-1.4.2-cp37-cp37m-macosx_10_13_x86_64.whl", hash = "sha256:26d7c90cb04dee1665282a5d1a998defc1a9e012fdca0f33396f81508f49696d"},
    {file = "yarl-1.4.2-cp37-cp37m-manylinux1_x86_64.whl", hash = "sha256:0c2ab325d33f1b824734b3ef51d4d54a54e0e7a23d13b86974507602334c2cce"},
    {file = "yarl-1.4.2-cp37-cp37m-win32.whl", hash = "sha256:e15199cdb423316e15f108f51249e44eb156ae5dba232cb73be555324a1d49c2"},
    {file = "yarl-1.4.2-cp37-cp37m-win_amd64.whl", hash = "sha256:2098a4b4b9d75ee352807a95cdf5f10180db903bc5b7270715c6bbe2551f64ce"},
    {file = "yarl-1.4.2-cp38-cp38-macosx_10_13_x86_64.whl", hash = "sha256:c9959d49a77b0e07559e579f38b2f3711c2b8716b8410b320bf9713013215a1b"},
    {file = "yarl-1.4.2-cp38-cp38-manylinux1_x86_64.whl", hash = "sha256:25e66e5e2007c7a39541ca13b559cd8ebc2ad8fe00ea94a2aad28a9b1e44e5ae"},
    {file = "yarl-1.4.2-cp38-cp38-win32.whl", hash = "sha256:6faa19d3824c21bcbfdfce5171e193c8b4ddafdf0ac3f129ccf0cdfcb083e462"},
    {file = "yarl-1.4.2-cp38-cp38-win_amd64.whl", hash = "sha256:0ca2f395591bbd85ddd50a82eb1fde9c1066fafe888c5c7cc1d810cf03fd3cc6"},
    {file = "yarl-1.4.2.tar.gz", hash = "sha256:58cd9c469eced558cd81aa3f484b2924e8897049e06889e8ff2510435b7ef74b"},
]
zipp = [
    {file = "zipp-0.6.0-py2.py3-none-any.whl", hash = "sha256:f06903e9f1f43b12d371004b4ac7b06ab39a44adc747266928ae6debfa7b3335"},
    {file = "zipp-0.6.0.tar.gz", hash = "sha256:3718b1cbcd963c7d4c5511a8240812904164b7f381b647143a89d3b98f9bcd8e"},
]
